
Microsoft Visual Studio Solution File, Format Version 12.00
# Visual Studio Version 17
VisualStudioVersion = 17.13.35806.99 d17.13
MinimumVisualStudioVersion = 10.0.40219.1
Project("{FAE04EC0-301F-11D3-BF4B-00C04F79EFBC}") = "Final", "Final.csproj", "{26F86198-0DD5-4B55-8086-B798A2E87319}"
EndProject
Global
	GlobalSection(SolutionConfigurationPlatforms) = preSolution
		Debug|Any CPU = Debug|Any CPU
		Release|Any CPU = Release|Any CPU
	EndGlobalSection
	GlobalSection(ProjectConfigurationPlatforms) = postSolution
		{26F86198-0DD5-4B55-8086-B798A2E87319}.Debug|Any CPU.ActiveCfg = Debug|Any CPU
		{26F86198-0DD5-4B55-8086-B798A2E87319}.Debug|Any CPU.Build.0 = Debug|Any CPU
		{26F86198-0DD5-4B55-8086-B798A2E87319}.Release|Any CPU.ActiveCfg = Release|Any CPU
		{26F86198-0DD5-4B55-8086-B798A2E87319}.Release|Any CPU.Build.0 = Release|Any CPU
	EndGlobalSection
	GlobalSection(SolutionProperties) = preSolution
		HideSolutionNode = FALSE
	EndGlobalSection
	GlobalSection(ExtensibilityGlobals) = postSolution
		SolutionGuid = {6F550E19-F1F5-4910-A189-89DF5848FD56}
	EndGlobalSection
EndGlobal
